
Microsoft Visual Studio Solution File, Format Version 12.00
Project("{FAE04EC0-301F-11D3-BF4B-00C04F79EFBC}") = "Shipping Charges", "Shipping Charges\Shipping Charges.csproj", "{BDEA7E5A-7721-4BDA-99C1-986107F9C3FE}"
EndProject
Global
	GlobalSection(SolutionConfigurationPlatforms) = preSolution
		Debug|Any CPU = Debug|Any CPU
		Release|Any CPU = Release|Any CPU
	EndGlobalSection
	GlobalSection(ProjectConfigurationPlatforms) = postSolution
		{BDEA7E5A-7721-4BDA-99C1-986107F9C3FE}.Debug|Any CPU.ActiveCfg = Debug|Any CPU
		{BDEA7E5A-7721-4BDA-99C1-986107F9C3FE}.Debug|Any CPU.Build.0 = Debug|Any CPU
		{BDEA7E5A-7721-4BDA-99C1-986107F9C3FE}.Release|Any CPU.ActiveCfg = Release|Any CPU
		{BDEA7E5A-7721-4BDA-99C1-986107F9C3FE}.Release|Any CPU.Build.0 = Release|Any CPU
	EndGlobalSection
EndGlobal
